
Microsoft Visual Studio Solution File, Format Version 12.00
# Visual Studio Version 16
VisualStudioVersion = 16.0.30804.86
MinimumVisualStudioVersion = 10.0.40219.1
Project("{FAE04EC0-301F-11D3-BF4B-00C04F79EFBC}") = "CapaDTO", "CapaDTO\CapaDTO.csproj", "{DCF59AAC-AED7-4905-84D3-D49A3FDA92F2}"
EndProject
Project("{FAE04EC0-301F-11D3-BF4B-00C04F79EFBC}") = "CapaGUI", "CapaGUI\CapaGUI.csproj", "{BB0D274B-5817-49C7-8EFF-B0EB5B1194F0}"
	ProjectSection(ProjectDependencies) = postProject
		{24AAC8CC-E538-4526-9ED5-EB30668DE972} = {24AAC8CC-E538-4526-9ED5-EB30668DE972}
	EndProjectSection
EndProject
Project("{FAE04EC0-301F-11D3-BF4B-00C04F79EFBC}") = "CapaConexion", "CapaConexion\CapaConexion.csproj", "{40102B05-1BF8-425A-ADDA-A8223DA7FD48}"
EndProject
Project("{FAE04EC0-301F-11D3-BF4B-00C04F79EFBC}") = "CapaNegocio", "CapaNegocio\CapaNegocio.csproj", "{DA3C4FAC-9292-4396-B5F4-06FB151FCC1F}"
EndProject
Project("{FAE04EC0-301F-11D3-BF4B-00C04F79EFBC}") = "WebServiceDepartamento", "WebServiceDepartamento\WebServiceDepartamento.csproj", "{24AAC8CC-E538-4526-9ED5-EB30668DE972}"
EndProject
Global
	GlobalSection(SolutionConfigurationPlatforms) = preSolution
		Debug|Any CPU = Debug|Any CPU
		Release|Any CPU = Release|Any CPU
	EndGlobalSection
	GlobalSection(ProjectConfigurationPlatforms) = postSolution
		{DCF59AAC-AED7-4905-84D3-D49A3FDA92F2}.Debug|Any CPU.ActiveCfg = Debug|Any CPU
		{DCF59AAC-AED7-4905-84D3-D49A3FDA92F2}.Debug|Any CPU.Build.0 = Debug|Any CPU
		{DCF59AAC-AED7-4905-84D3-D49A3FDA92F2}.Release|Any CPU.ActiveCfg = Release|Any CPU
		{DCF59AAC-AED7-4905-84D3-D49A3FDA92F2}.Release|Any CPU.Build.0 = Release|Any CPU
		{BB0D274B-5817-49C7-8EFF-B0EB5B1194F0}.Debug|Any CPU.ActiveCfg = Debug|Any CPU
		{BB0D274B-5817-49C7-8EFF-B0EB5B1194F0}.Debug|Any CPU.Build.0 = Debug|Any CPU
		{BB0D274B-5817-49C7-8EFF-B0EB5B1194F0}.Release|Any CPU.ActiveCfg = Release|Any CPU
		{BB0D274B-5817-49C7-8EFF-B0EB5B1194F0}.Release|Any CPU.Build.0 = Release|Any CPU
		{40102B05-1BF8-425A-ADDA-A8223DA7FD48}.Debug|Any CPU.ActiveCfg = Debug|Any CPU
		{40102B05-1BF8-425A-ADDA-A8223DA7FD48}.Debug|Any CPU.Build.0 = Debug|Any CPU
		{40102B05-1BF8-425A-ADDA-A8223DA7FD48}.Release|Any CPU.ActiveCfg = Release|Any CPU
		{40102B05-1BF8-425A-ADDA-A8223DA7FD48}.Release|Any CPU.Build.0 = Release|Any CPU
		{DA3C4FAC-9292-4396-B5F4-06FB151FCC1F}.Debug|Any CPU.ActiveCfg = Debug|Any CPU
		{DA3C4FAC-9292-4396-B5F4-06FB151FCC1F}.Debug|Any CPU.Build.0 = Debug|Any CPU
		{DA3C4FAC-9292-4396-B5F4-06FB151FCC1F}.Release|Any CPU.ActiveCfg = Release|Any CPU
		{DA3C4FAC-9292-4396-B5F4-06FB151FCC1F}.Release|Any CPU.Build.0 = Release|Any CPU
		{24AAC8CC-E538-4526-9ED5-EB30668DE972}.Debug|Any CPU.ActiveCfg = Debug|Any CPU
		{24AAC8CC-E538-4526-9ED5-EB30668DE972}.Debug|Any CPU.Build.0 = Debug|Any CPU
		{24AAC8CC-E538-4526-9ED5-EB30668DE972}.Release|Any CPU.ActiveCfg = Release|Any CPU
		{24AAC8CC-E538-4526-9ED5-EB30668DE972}.Release|Any CPU.Build.0 = Release|Any CPU
	EndGlobalSection
	GlobalSection(SolutionProperties) = preSolution
		HideSolutionNode = FALSE
	EndGlobalSection
	GlobalSection(ExtensibilityGlobals) = postSolution
		SolutionGuid = {E4436E50-D3DE-4E39-A3EF-D2C0AD9B54C3}
	EndGlobalSection
EndGlobal
